
Microsoft Visual Studio Solution File, Format Version 12.00
# Visual Studio Version 16
VisualStudioVersion = 16.0.31424.327
MinimumVisualStudioVersion = 10.0.40219.1
Project("{FAE04EC0-301F-11D3-BF4B-00C04F79EFBC}") = "RightTriangleProgram", "RightTriangleProgram\RightTriangleProgram.csproj", "{A882264E-2283-4D8E-A2E1-03B0D6A62911}"
EndProject
Global
	GlobalSection(SolutionConfigurationPlatforms) = preSolution
		Debug|Any CPU = Debug|Any CPU
		Release|Any CPU = Release|Any CPU
	EndGlobalSection
	GlobalSection(ProjectConfigurationPlatforms) = postSolution
		{A882264E-2283-4D8E-A2E1-03B0D6A62911}.Debug|Any CPU.ActiveCfg = Debug|Any CPU
		{A882264E-2283-4D8E-A2E1-03B0D6A62911}.Debug|Any CPU.Build.0 = Debug|Any CPU
		{A882264E-2283-4D8E-A2E1-03B0D6A62911}.Release|Any CPU.ActiveCfg = Release|Any CPU
		{A882264E-2283-4D8E-A2E1-03B0D6A62911}.Release|Any CPU.Build.0 = Release|Any CPU
	EndGlobalSection
	GlobalSection(SolutionProperties) = preSolution
		HideSolutionNode = FALSE
	EndGlobalSection
	GlobalSection(ExtensibilityGlobals) = postSolution
		SolutionGuid = {E9C6560C-D37C-4BC8-ADBC-284E25140F08}
	EndGlobalSection
EndGlobal
